<?xml version="1.0" encoding="utf-8"?>
<Project ToolsVersion="4.0" xmlns="http://schemas.microsoft.com/developer/msbuild/2003">
  <ItemGroup>
    <Filter Include="Source files">
      <UniqueIdentifier>{07f9e520-8e8a-4d00-b00f-352fab01fb52}</UniqueIdentifier>
    </Filter>
    <Filter Include="Header files">
      <UniqueIdentifier>{52a10643-cdce-47e4-b456-41a46a725641}</UniqueIdentifier>
    </Filter>
  </ItemGroup>
  <ItemGroup>
    <ClCompile Include="src\main.cpp">
      <Filter>Source files</Filter>
    </ClCompile>
    <ClCompile Include="src\cmd_handler.cpp">
      <Filter>Source files</Filter>
    </ClCompile>
  </ItemGroup>
  <ItemGroup>
    <ClInclude Include="inc\cmd_handler.h">
      <Filter>Header files</Filter>
    </ClInclude>
    <ClInclude Include="inc\commands.h">
      <Filter>Header files</Filter>
    </ClInclude>
  </ItemGroup>
</Project>